
Microsoft Visual Studio Solution File, Format Version 12.00
# Visual Studio Version 16
VisualStudioVersion = 16.0.28803.156
MinimumVisualStudioVersion = 10.0.40219.1
Project("{FAE04EC0-301F-11D3-BF4B-00C04F79EFBC}") = "AppFactoryThankYou.UWP", "AppFactoryThankYou\AppFactoryThankYou.UWP\AppFactoryThankYou.UWP.csproj", "{3A7CE66D-C658-42B8-A098-E8E324739261}"
EndProject
Project("{FAE04EC0-301F-11D3-BF4B-00C04F79EFBC}") = "AppFactoryThankYou.Android", "AppFactoryThankYou\AppFactoryThankYou.Android\AppFactoryThankYou.Android.csproj", "{20DCFC08-3345-4755-B023-F68D9F4923D1}"
EndProject
Project("{FAE04EC0-301F-11D3-BF4B-00C04F79EFBC}") = "AppFactoryThankYou.iOS", "AppFactoryThankYou\AppFactoryThankYou.iOS\AppFactoryThankYou.iOS.csproj", "{BD08E6AF-0D43-4635-8119-7E1D8326F02A}"
EndProject
Project("{FAE04EC0-301F-11D3-BF4B-00C04F79EFBC}") = "AppFactoryThankYou", "AppFactoryThankYou\AppFactoryThankYou\AppFactoryThankYou.csproj", "{C5B011EB-2032-4D53-A91B-5018AB1E470D}"
EndProject
Global
	GlobalSection(SolutionConfigurationPlatforms) = preSolution
		Debug|Any CPU = Debug|Any CPU
		Debug|ARM = Debug|ARM
		Debug|iPhone = Debug|iPhone
		Debug|iPhoneSimulator = Debug|iPhoneSimulator
		Debug|x64 = Debug|x64
		Debug|x86 = Debug|x86
		Release|Any CPU = Release|Any CPU
		Release|ARM = Release|ARM
		Release|iPhone = Release|iPhone
		Release|iPhoneSimulator = Release|iPhoneSimulator
		Release|x64 = Release|x64
		Release|x86 = Release|x86
	EndGlobalSection
	GlobalSection(ProjectConfigurationPlatforms) = postSolution
		{3A7CE66D-C658-42B8-A098-E8E324739261}.Debug|Any CPU.ActiveCfg = Debug|x86
		{3A7CE66D-C658-42B8-A098-E8E324739261}.Debug|Any CPU.Build.0 = Debug|x86
		{3A7CE66D-C658-42B8-A098-E8E324739261}.Debug|Any CPU.Deploy.0 = Debug|x86
		{3A7CE66D-C658-42B8-A098-E8E324739261}.Debug|ARM.ActiveCfg = Debug|ARM
		{3A7CE66D-C658-42B8-A098-E8E324739261}.Debug|ARM.Build.0 = Debug|ARM
		{3A7CE66D-C658-42B8-A098-E8E324739261}.Debug|ARM.Deploy.0 = Debug|ARM
		{3A7CE66D-C658-42B8-A098-E8E324739261}.Debug|iPhone.ActiveCfg = Debug|x86
		{3A7CE66D-C658-42B8-A098-E8E324739261}.Debug|iPhone.Build.0 = Debug|x86
		{3A7CE66D-C658-42B8-A098-E8E324739261}.Debug|iPhone.Deploy.0 = Debug|x86
		{3A7CE66D-C658-42B8-A098-E8E324739261}.Debug|iPhoneSimulator.ActiveCfg = Debug|x86
		{3A7CE66D-C658-42B8-A098-E8E324739261}.Debug|iPhoneSimulator.Build.0 = Debug|x86
		{3A7CE66D-C658-42B8-A098-E8E324739261}.Debug|iPhoneSimulator.Deploy.0 = Debug|x86
		{3A7CE66D-C658-42B8-A098-E8E324739261}.Debug|x64.ActiveCfg = Debug|x64
		{3A7CE66D-C658-42B8-A098-E8E324739261}.Debug|x64.Build.0 = Debug|x64
		{3A7CE66D-C658-42B8-A098-E8E324739261}.Debug|x64.Deploy.0 = Debug|x64
		{3A7CE66D-C658-42B8-A098-E8E324739261}.Debug|x86.ActiveCfg = Debug|x86
		{3A7CE66D-C658-42B8-A098-E8E324739261}.Debug|x86.Build.0 = Debug|x86
		{3A7CE66D-C658-42B8-A098-E8E324739261}.Debug|x86.Deploy.0 = Debug|x86
		{3A7CE66D-C658-42B8-A098-E8E324739261}.Release|Any CPU.ActiveCfg = Release|x86
		{3A7CE66D-C658-42B8-A098-E8E324739261}.Release|Any CPU.Build.0 = Release|x86
		{3A7CE66D-C658-42B8-A098-E8E324739261}.Release|Any CPU.Deploy.0 = Release|x86
		{3A7CE66D-C658-42B8-A098-E8E324739261}.Release|ARM.ActiveCfg = Release|ARM
		{3A7CE66D-C658-42B8-A098-E8E324739261}.Release|ARM.Build.0 = Release|ARM
		{3A7CE66D-C658-42B8-A098-E8E324739261}.Release|ARM.Deploy.0 = Release|ARM
		{3A7CE66D-C658-42B8-A098-E8E324739261}.Release|iPhone.ActiveCfg = Release|x86
		{3A7CE66D-C658-42B8-A098-E8E324739261}.Release|iPhone.Build.0 = Release|x86
		{3A7CE66D-C658-42B8-A098-E8E324739261}.Release|iPhone.Deploy.0 = Release|x86
		{3A7CE66D-C658-42B8-A098-E8E324739261}.Release|iPhoneSimulator.ActiveCfg = Release|x86
		{3A7CE66D-C658-42B8-A098-E8E324739261}.Release|iPhoneSimulator.Build.0 = Release|x86
		{3A7CE66D-C658-42B8-A098-E8E324739261}.Release|iPhoneSimulator.Deploy.0 = Release|x86
		{3A7CE66D-C658-42B8-A098-E8E324739261}.Release|x64.ActiveCfg = Release|x64
		{3A7CE66D-C658-42B8-A098-E8E324739261}.Release|x64.Build.0 = Release|x64
		{3A7CE66D-C658-42B8-A098-E8E324739261}.Release|x64.Deploy.0 = Release|x64
		{3A7CE66D-C658-42B8-A098-E8E324739261}.Release|x86.ActiveCfg = Release|x86
		{3A7CE66D-C658-42B8-A098-E8E324739261}.Release|x86.Build.0 = Release|x86
		{3A7CE66D-C658-42B8-A098-E8E324739261}.Release|x86.Deploy.0 = Release|x86
		{20DCFC08-3345-4755-B023-F68D9F4923D1}.Debug|Any CPU.ActiveCfg = Debug|Any CPU
		{20DCFC08-3345-4755-B023-F68D9F4923D1}.Debug|Any CPU.Build.0 = Debug|Any CPU
		{20DCFC08-3345-4755-B023-F68D9F4923D1}.Debug|Any CPU.Deploy.0 = Debug|Any CPU
		{20DCFC08-3345-4755-B023-F68D9F4923D1}.Debug|ARM.ActiveCfg = Debug|Any CPU
		{20DCFC08-3345-4755-B023-F68D9F4923D1}.Debug|ARM.Build.0 = Debug|Any CPU
		{20DCFC08-3345-4755-B023-F68D9F4923D1}.Debug|ARM.Deploy.0 = Debug|Any CPU
		{20DCFC08-3345-4755-B023-F68D9F4923D1}.Debug|iPhone.ActiveCfg = Debug|Any CPU
		{20DCFC08-3345-4755-B023-F68D9F4923D1}.Debug|iPhone.Build.0 = Debug|Any CPU
		{20DCFC08-3345-4755-B023-F68D9F4923D1}.Debug|iPhone.Deploy.0 = Debug|Any CPU
		{20DCFC08-3345-4755-B023-F68D9F4923D1}.Debug|iPhoneSimulator.ActiveCfg = Debug|Any CPU
		{20DCFC08-3345-4755-B023-F68D9F4923D1}.Debug|iPhoneSimulator.Build.0 = Debug|Any CPU
		{20DCFC08-3345-4755-B023-F68D9F4923D1}.Debug|iPhoneSimulator.Deploy.0 = Debug|Any CPU
		{20DCFC08-3345-4755-B023-F68D9F4923D1}.Debug|x64.ActiveCfg = Debug|Any CPU
		{20DCFC08-3345-4755-B023-F68D9F4923D1}.Debug|x64.Build.0 = Debug|Any CPU
		{20DCFC08-3345-4755-B023-F68D9F4923D1}.Debug|x64.Deploy.0 = Debug|Any CPU
		{20DCFC08-3345-4755-B023-F68D9F4923D1}.Debug|x86.ActiveCfg = Debug|Any CPU
		{20DCFC08-3345-4755-B023-F68D9F4923D1}.Debug|x86.Build.0 = Debug|Any CPU
		{20DCFC08-3345-4755-B023-F68D9F4923D1}.Debug|x86.Deploy.0 = Debug|Any CPU
		{20DCFC08-3345-4755-B023-F68D9F4923D1}.Release|Any CPU.ActiveCfg = Release|Any CPU
		{20DCFC08-3345-4755-B023-F68D9F4923D1}.Release|Any CPU.Build.0 = Release|Any CPU
		{20DCFC08-3345-4755-B023-F68D9F4923D1}.Release|Any CPU.Deploy.0 = Release|Any CPU
		{20DCFC08-3345-4755-B023-F68D9F4923D1}.Release|ARM.ActiveCfg = Release|Any CPU
		{20DCFC08-3345-4755-B023-F68D9F4923D1}.Release|ARM.Build.0 = Release|Any CPU
		{20DCFC08-3345-4755-B023-F68D9F4923D1}.Release|ARM.Deploy.0 = Release|Any CPU
		{20DCFC08-3345-4755-B023-F68D9F4923D1}.Release|iPhone.ActiveCfg = Release|Any CPU
		{20DCFC08-3345-4755-B023-F68D9F4923D1}.Release|iPhone.Build.0 = Release|Any CPU
		{20DCFC08-3345-4755-B023-F68D9F4923D1}.Release|iPhone.Deploy.0 = Release|Any CPU
		{20DCFC08-3345-4755-B023-F68D9F4923D1}.Release|iPhoneSimulator.ActiveCfg = Release|Any CPU
		{20DCFC08-3345-4755-B023-F68D9F4923D1}.Release|iPhoneSimulator.Build.0 = Release|Any CPU
		{20DCFC08-3345-4755-B023-F68D9F4923D1}.Release|iPhoneSimulator.Deploy.0 = Release|Any CPU
		{20DCFC08-3345-4755-B023-F68D9F4923D1}.Release|x64.ActiveCfg = Release|Any CPU
		{20DCFC08-3345-4755-B023-F68D9F4923D1}.Release|x64.Build.0 = Release|Any CPU
		{20DCFC08-3345-4755-B023-F68D9F4923D1}.Release|x64.Deploy.0 = Release|Any CPU
		{20DCFC08-3345-4755-B023-F68D9F4923D1}.Release|x86.ActiveCfg = Release|Any CPU
		{20DCFC08-3345-4755-B023-F68D9F4923D1}.Release|x86.Build.0 = Release|Any CPU
		{20DCFC08-3345-4755-B023-F68D9F4923D1}.Release|x86.Deploy.0 = Release|Any CPU
		{BD08E6AF-0D43-4635-8119-7E1D8326F02A}.Debug|Any CPU.ActiveCfg = Debug|iPhone
		{BD08E6AF-0D43-4635-8119-7E1D8326F02A}.Debug|Any CPU.Build.0 = Debug|iPhone
		{BD08E6AF-0D43-4635-8119-7E1D8326F02A}.Debug|Any CPU.Deploy.0 = Debug|iPhone
		{BD08E6AF-0D43-4635-8119-7E1D8326F02A}.Debug|ARM.ActiveCfg = Debug|iPhoneSimulator
		{BD08E6AF-0D43-4635-8119-7E1D8326F02A}.Debug|ARM.Build.0 = Debug|iPhoneSimulator
		{BD08E6AF-0D43-4635-8119-7E1D8326F02A}.Debug|ARM.Deploy.0 = Debug|iPhoneSimulator
		{BD08E6AF-0D43-4635-8119-7E1D8326F02A}.Debug|iPhone.ActiveCfg = Debug|iPhone
		{BD08E6AF-0D43-4635-8119-7E1D8326F02A}.Debug|iPhone.Build.0 = Debug|iPhone
		{BD08E6AF-0D43-4635-8119-7E1D8326F02A}.Debug|iPhone.Deploy.0 = Debug|iPhone
		{BD08E6AF-0D43-4635-8119-7E1D8326F02A}.Debug|iPhoneSimulator.ActiveCfg = Debug|iPhoneSimulator
		{BD08E6AF-0D43-4635-8119-7E1D8326F02A}.Debug|iPhoneSimulator.Build.0 = Debug|iPhoneSimulator
		{BD08E6AF-0D43-4635-8119-7E1D8326F02A}.Debug|iPhoneSimulator.Deploy.0 = Debug|iPhoneSimulator
		{BD08E6AF-0D43-4635-8119-7E1D8326F02A}.Debug|x64.ActiveCfg = Debug|iPhone
		{BD08E6AF-0D43-4635-8119-7E1D8326F02A}.Debug|x64.Build.0 = Debug|iPhone
		{BD08E6AF-0D43-4635-8119-7E1D8326F02A}.Debug|x64.Deploy.0 = Debug|iPhone
		{BD08E6AF-0D43-4635-8119-7E1D8326F02A}.Debug|x86.ActiveCfg = Debug|iPhone
		{BD08E6AF-0D43-4635-8119-7E1D8326F02A}.Debug|x86.Build.0 = Debug|iPhone
		{BD08E6AF-0D43-4635-8119-7E1D8326F02A}.Debug|x86.Deploy.0 = Debug|iPhone
		{BD08E6AF-0D43-4635-8119-7E1D8326F02A}.Release|Any CPU.ActiveCfg = Release|iPhone
		{BD08E6AF-0D43-4635-8119-7E1D8326F02A}.Release|Any CPU.Build.0 = Release|iPhone
		{BD08E6AF-0D43-4635-8119-7E1D8326F02A}.Release|Any CPU.Deploy.0 = Release|iPhone
		{BD08E6AF-0D43-4635-8119-7E1D8326F02A}.Release|ARM.ActiveCfg = Release|iPhone
		{BD08E6AF-0D43-4635-8119-7E1D8326F02A}.Release|ARM.Build.0 = Release|iPhone
		{BD08E6AF-0D43-4635-8119-7E1D8326F02A}.Release|ARM.Deploy.0 = Release|iPhone
		{BD08E6AF-0D43-4635-8119-7E1D8326F02A}.Release|iPhone.ActiveCfg = Release|iPhone
		{BD08E6AF-0D43-4635-8119-7E1D8326F02A}.Release|iPhone.Build.0 = Release|iPhone
		{BD08E6AF-0D43-4635-8119-7E1D8326F02A}.Release|iPhone.Deploy.0 = Release|iPhone
		{BD08E6AF-0D43-4635-8119-7E1D8326F02A}.Release|iPhoneSimulator.ActiveCfg = Release|iPhoneSimulator
		{BD08E6AF-0D43-4635-8119-7E1D8326F02A}.Release|iPhoneSimulator.Build.0 = Release|iPhoneSimulator
		{BD08E6AF-0D43-4635-8119-7E1D8326F02A}.Release|iPhoneSimulator.Deploy.0 = Release|iPhoneSimulator
		{BD08E6AF-0D43-4635-8119-7E1D8326F02A}.Release|x64.ActiveCfg = Release|iPhone
		{BD08E6AF-0D43-4635-8119-7E1D8326F02A}.Release|x64.Build.0 = Release|iPhone
		{BD08E6AF-0D43-4635-8119-7E1D8326F02A}.Release|x64.Deploy.0 = Release|iPhone
		{BD08E6AF-0D43-4635-8119-7E1D8326F02A}.Release|x86.ActiveCfg = Release|iPhone
		{BD08E6AF-0D43-4635-8119-7E1D8326F02A}.Release|x86.Build.0 = Release|iPhone
		{BD08E6AF-0D43-4635-8119-7E1D8326F02A}.Release|x86.Deploy.0 = Release|iPhone
		{C5B011EB-2032-4D53-A91B-5018AB1E470D}.Debug|Any CPU.ActiveCfg = Debug|Any CPU
		{C5B011EB-2032-4D53-A91B-5018AB1E470D}.Debug|Any CPU.Build.0 = Debug|Any CPU
		{C5B011EB-2032-4D53-A91B-5018AB1E470D}.Debug|Any CPU.Deploy.0 = Debug|Any CPU
		{C5B011EB-2032-4D53-A91B-5018AB1E470D}.Debug|ARM.ActiveCfg = Debug|Any CPU
		{C5B011EB-2032-4D53-A91B-5018AB1E470D}.Debug|ARM.Build.0 = Debug|Any CPU
		{C5B011EB-2032-4D53-A91B-5018AB1E470D}.Debug|ARM.Deploy.0 = Debug|Any CPU
		{C5B011EB-2032-4D53-A91B-5018AB1E470D}.Debug|iPhone.ActiveCfg = Debug|Any CPU
		{C5B011EB-2032-4D53-A91B-5018AB1E470D}.Debug|iPhone.Build.0 = Debug|Any CPU
		{C5B011EB-2032-4D53-A91B-5018AB1E470D}.Debug|iPhone.Deploy.0 = Debug|Any CPU
		{C5B011EB-2032-4D53-A91B-5018AB1E470D}.Debug|iPhoneSimulator.ActiveCfg = Debug|Any CPU
		{C5B011EB-2032-4D53-A91B-5018AB1E470D}.Debug|iPhoneSimulator.Build.0 = Debug|Any CPU
		{C5B011EB-2032-4D53-A91B-5018AB1E470D}.Debug|iPhoneSimulator.Deploy.0 = Debug|Any CPU
		{C5B011EB-2032-4D53-A91B-5018AB1E470D}.Debug|x64.ActiveCfg = Debug|Any CPU
		{C5B011EB-2032-4D53-A91B-5018AB1E470D}.Debug|x64.Build.0 = Debug|Any CPU
		{C5B011EB-2032-4D53-A91B-5018AB1E470D}.Debug|x64.Deploy.0 = Debug|Any CPU
		{C5B011EB-2032-4D53-A91B-5018AB1E470D}.Debug|x86.ActiveCfg = Debug|Any CPU
		{C5B011EB-2032-4D53-A91B-5018AB1E470D}.Debug|x86.Build.0 = Debug|Any CPU
		{C5B011EB-2032-4D53-A91B-5018AB1E470D}.Debug|x86.Deploy.0 = Debug|Any CPU
		{C5B011EB-2032-4D53-A91B-5018AB1E470D}.Release|Any CPU.ActiveCfg = Release|Any CPU
		{C5B011EB-2032-4D53-A91B-5018AB1E470D}.Release|Any CPU.Build.0 = Release|Any CPU
		{C5B011EB-2032-4D53-A91B-5018AB1E470D}.Release|Any CPU.Deploy.0 = Release|Any CPU
		{C5B011EB-2032-4D53-A91B-5018AB1E470D}.Release|ARM.ActiveCfg = Release|Any CPU
		{C5B011EB-2032-4D53-A91B-5018AB1E470D}.Release|ARM.Build.0 = Release|Any CPU
		{C5B011EB-2032-4D53-A91B-5018AB1E470D}.Release|ARM.Deploy.0 = Release|Any CPU
		{C5B011EB-2032-4D53-A91B-5018AB1E470D}.Release|iPhone.ActiveCfg = Release|Any CPU
		{C5B011EB-2032-4D53-A91B-5018AB1E470D}.Release|iPhone.Build.0 = Release|Any CPU
		{C5B011EB-2032-4D53-A91B-5018AB1E470D}.Release|iPhone.Deploy.0 = Release|Any CPU
		{C5B011EB-2032-4D53-A91B-5018AB1E470D}.Release|iPhoneSimulator.ActiveCfg = Release|Any CPU
		{C5B011EB-2032-4D53-A91B-5018AB1E470D}.Release|iPhoneSimulator.Build.0 = Release|Any CPU
		{C5B011EB-2032-4D53-A91B-5018AB1E470D}.Release|iPhoneSimulator.Deploy.0 = Release|Any CPU
		{C5B011EB-2032-4D53-A91B-5018AB1E470D}.Release|x64.ActiveCfg = Release|Any CPU
		{C5B011EB-2032-4D53-A91B-5018AB1E470D}.Release|x64.Build.0 = Release|Any CPU
		{C5B011EB-2032-4D53-A91B-5018AB1E470D}.Release|x64.Deploy.0 = Release|Any CPU
		{C5B011EB-2032-4D53-A91B-5018AB1E470D}.Release|x86.ActiveCfg = Release|Any CPU
		{C5B011EB-2032-4D53-A91B-5018AB1E470D}.Release|x86.Build.0 = Release|Any CPU
		{C5B011EB-2032-4D53-A91B-5018AB1E470D}.Release|x86.Deploy.0 = Release|Any CPU
	EndGlobalSection
	GlobalSection(SolutionProperties) = preSolution
		HideSolutionNode = FALSE
	EndGlobalSection
	GlobalSection(ExtensibilityGlobals) = postSolution
		SolutionGuid = {4F79F578-7D8B-4E42-ABF7-48B8466DD6DC}
	EndGlobalSection
EndGlobal
